// !$*UTF8*$!
{
	archiveVersion = 1;
	classes = {
	};
	objectVersion = 50;
	objects = {

/* Begin PBXBuildFile section */
		6BD406D225A0AF440050CB5D /* AppDelegate.swift in Sources */ = {isa = PBXBuildFile; fileRef = 6BD406D125A0AF440050CB5D /* AppDelegate.swift */; };
		6BD406D425A0AF440050CB5D /* ViewController.swift in Sources */ = {isa = PBXBuildFile; fileRef = 6BD406D325A0AF440050CB5D /* ViewController.swift */; };
		6BD406D625A0AF450050CB5D /* Assets.xcassets in Resources */ = {isa = PBXBuildFile; fileRef = 6BD406D525A0AF450050CB5D /* Assets.xcassets */; };
		6BD406D925A0AF450050CB5D /* Main.storyboard in Resources */ = {isa = PBXBuildFile; fileRef = 6BD406D725A0AF450050CB5D /* Main.storyboard */; };
		6BD406E525A0AF460050CB5D /* primeTests.swift in Sources */ = {isa = PBXBuildFile; fileRef = 6BD406E425A0AF460050CB5D /* primeTests.swift */; };
		6BD406F025A0AF460050CB5D /* primeUITests.swift in Sources */ = {isa = PBXBuildFile; fileRef = 6BD406EF25A0AF460050CB5D /* primeUITests.swift */; };
/* End PBXBuildFile section */

/* Begin PBXContainerItemProxy section */
		6BD406E125A0AF460050CB5D /* PBXContainerItemProxy */ = {
			isa = PBXContainerItemProxy;
			containerPortal = 6BD406C625A0AF440050CB5D /* Project object */;
			proxyType = 1;
			remoteGlobalIDString = 6BD406CD25A0AF440050CB5D;
			remoteInfo = prime;
		};
		6BD406EC25A0AF460050CB5D /* PBXContainerItemProxy */ = {
			isa = PBXContainerItemProxy;
			containerPortal = 6BD406C625A0AF440050CB5D /* Project object */;
			proxyType = 1;
			remoteGlobalIDString = 6BD406CD25A0AF440050CB5D;
			remoteInfo = prime;
		};
/* End PBXContainerItemProxy section */

/* Begin PBXFileReference section */
		6BD406CE25A0AF440050CB5D /* prime.app */ = {isa = PBXFileReference; explicitFileType = wrapper.application; includeInIndex = 0; path = prime.app; sourceTree = BUILT_PRODUCTS_DIR; };
		6BD406D125A0AF440050CB5D /* AppDelegate.swift */ = {isa = PBXFileReference; lastKnownFileType = sourcecode.swift; path = AppDelegate.swift; sourceTree = "<group>"; };
		6BD406D325A0AF440050CB5D /* ViewController.swift */ = {isa = PBXFileReference; lastKnownFileType = sourcecode.swift; path = ViewController.swift; sourceTree = "<group>"; };
		6BD406D525A0AF450050CB5D /* Assets.xcassets */ = {isa = PBXFileReference; lastKnownFileType = folder.assetcatalog; path = Assets.xcassets; sourceTree = "<group>"; };
		6BD406D825A0AF450050CB5D /* Base */ = {isa = PBXFileReference; lastKnownFileType = file.storyboard; name = Base; path = Base.lproj/Main.storyboard; sourceTree = "<group>"; };
		6BD406DA25A0AF450050CB5D /* Info.plist */ = {isa = PBXFileReference; lastKnownFileType = text.plist.xml; path = Info.plist; sourceTree = "<group>"; };
		6BD406DB25A0AF450050CB5D /* prime.entitlements */ = {isa = PBXFileReference; lastKnownFileType = text.plist.entitlements; path = prime.entitlements; sourceTree = "<group>"; };
		6BD406E025A0AF460050CB5D /* primeTests.xctest */ = {isa = PBXFileReference; explicitFileType = wrapper.cfbundle; includeInIndex = 0; path = primeTests.xctest; sourceTree = BUILT_PRODUCTS_DIR; };
		6BD406E425A0AF460050CB5D /* primeTests.swift */ = {isa = PBXFileReference; lastKnownFileType = sourcecode.swift; path = primeTests.swift; sourceTree = "<group>"; };
		6BD406E625A0AF460050CB5D /* Info.plist */ = {isa = PBXFileReference; lastKnownFileType = text.plist.xml; path = Info.plist; sourceTree = "<group>"; };
		6BD406EB25A0AF460050CB5D /* primeUITests.xctest */ = {isa = PBXFileReference; explicitFileType = wrapper.cfbundle; includeInIndex = 0; path = primeUITests.xctest; sourceTree = BUILT_PRODUCTS_DIR; };
		6BD406EF25A0AF460050CB5D /* primeUITests.swift */ = {isa = PBXFileReference; lastKnownFileType = sourcecode.swift; path = primeUITests.swift; sourceTree = "<group>"; };
		6BD406F125A0AF460050CB5D /* Info.plist */ = {isa = PBXFileReference; lastKnownFileType = text.plist.xml; path = Info.plist; sourceTree = "<group>"; };
/* End PBXFileReference section */

/* Begin PBXFrameworksBuildPhase section */
		6BD406CB25A0AF440050CB5D /* Frameworks */ = {
			isa = PBXFrameworksBuildPhase;
			buildActionMask = 2147483647;
			files = (
			);
			runOnlyForDeploymentPostprocessing = 0;
		};
		6BD406DD25A0AF460050CB5D /* Frameworks */ = {
			isa = PBXFrameworksBuildPhase;
			buildActionMask = 2147483647;
			files = (
			);
			runOnlyForDeploymentPostprocessing = 0;
		};
		6BD406E825A0AF460050CB5D /* Frameworks */ = {
			isa = PBXFrameworksBuildPhase;
			buildActionMask = 2147483647;
			files = (
			);
			runOnlyForDeploymentPostprocessing = 0;
		};
/* End PBXFrameworksBuildPhase section */

/* Begin PBXGroup section */
		6BD406C525A0AF440050CB5D = {
			isa = PBXGroup;
			children = (
				6BD406D025A0AF440050CB5D /* prime */,
				6BD406E325A0AF460050CB5D /* primeTests */,
				6BD406EE25A0AF460050CB5D /* primeUITests */,
				6BD406CF25A0AF440050CB5D /* Products */,
			);
			sourceTree = "<group>";
		};
		6BD406CF25A0AF440050CB5D /* Products */ = {
			isa = PBXGroup;
			children = (
				6BD406CE25A0AF440050CB5D /* prime.app */,
				6BD406E025A0AF460050CB5D /* primeTests.xctest */,
				6BD406EB25A0AF460050CB5D /* primeUITests.xctest */,
			);
			name = Products;
			sourceTree = "<group>";
		};
		6BD406D025A0AF440050CB5D /* prime */ = {
			isa = PBXGroup;
			children = (
				6BD406D125A0AF440050CB5D /* AppDelegate.swift */,
				6BD406D325A0AF440050CB5D /* ViewController.swift */,
				6BD406D525A0AF450050CB5D /* Assets.xcassets */,
				6BD406D725A0AF450050CB5D /* Main.storyboard */,
				6BD406DA25A0AF450050CB5D /* Info.plist */,
				6BD406DB25A0AF450050CB5D /* prime.entitlements */,
			);
			path = prime;
			sourceTree = "<group>";
		};
		6BD406E325A0AF460050CB5D /* primeTests */ = {
			isa = PBXGroup;
			children = (
				6BD406E425A0AF460050CB5D /* primeTests.swift */,
				6BD406E625A0AF460050CB5D /* Info.plist */,
			);
			path = primeTests;
			sourceTree = "<group>";
		};
		6BD406EE25A0AF460050CB5D /* primeUITests */ = {
			isa = PBXGroup;
			children = (
				6BD406EF25A0AF460050CB5D /* primeUITests.swift */,
				6BD406F125A0AF460050CB5D /* Info.plist */,
			);
			path = primeUITests;
			sourceTree = "<group>";
		};
/* End PBXGroup section */

/* Begin PBXNativeTarget section */
		6BD406CD25A0AF440050CB5D /* prime */ = {
			isa = PBXNativeTarget;
			buildConfigurationList = 6BD406F425A0AF460050CB5D /* Build configuration list for PBXNativeTarget "prime" */;
			buildPhases = (
				6BD406CA25A0AF440050CB5D /* Sources */,
				6BD406CB25A0AF440050CB5D /* Frameworks */,
				6BD406CC25A0AF440050CB5D /* Resources */,
			);
			buildRules = (
			);
			dependencies = (
			);
			name = prime;
			productName = prime;
			productReference = 6BD406CE25A0AF440050CB5D /* prime.app */;
			productType = "com.apple.product-type.application";
		};
		6BD406DF25A0AF460050CB5D /* primeTests */ = {
			isa = PBXNativeTarget;
			buildConfigurationList = 6BD406F725A0AF460050CB5D /* Build configuration list for PBXNativeTarget "primeTests" */;
			buildPhases = (
				6BD406DC25A0AF460050CB5D /* Sources */,
				6BD406DD25A0AF460050CB5D /* Frameworks */,
				6BD406DE25A0AF460050CB5D /* Resources */,
			);
			buildRules = (
			);
			dependencies = (
				6BD406E225A0AF460050CB5D /* PBXTargetDependency */,
			);
			name = primeTests;
			productName = primeTests;
			productReference = 6BD406E025A0AF460050CB5D /* primeTests.xctest */;
			productType = "com.apple.product-type.bundle.unit-test";
		};
		6BD406EA25A0AF460050CB5D /* primeUITests */ = {
			isa = PBXNativeTarget;
			buildConfigurationList = 6BD406FA25A0AF460050CB5D /* Build configuration list for PBXNativeTarget "primeUITests" */;
			buildPhases = (
				6BD406E725A0AF460050CB5D /* Sources */,
				6BD406E825A0AF460050CB5D /* Frameworks */,
				6BD406E925A0AF460050CB5D /* Resources */,
			);
			buildRules = (
			);
			dependencies = (
				6BD406ED25A0AF460050CB5D /* PBXTargetDependency */,
			);
			name = primeUITests;
			productName = primeUITests;
			productReference = 6BD406EB25A0AF460050CB5D /* primeUITests.xctest */;
			productType = "com.apple.product-type.bundle.ui-testing";
		};
/* End PBXNativeTarget section */

/* Begin PBXProject section */
		6BD406C625A0AF440050CB5D /* Project object */ = {
			isa = PBXProject;
			attributes = {
				LastSwiftUpdateCheck = 1230;
				LastUpgradeCheck = 1230;
				TargetAttributes = {
					6BD406CD25A0AF440050CB5D = {
						CreatedOnToolsVersion = 12.3;
					};
					6BD406DF25A0AF460050CB5D = {
						CreatedOnToolsVersion = 12.3;
						TestTargetID = 6BD406CD25A0AF440050CB5D;
					};
					6BD406EA25A0AF460050CB5D = {
						CreatedOnToolsVersion = 12.3;
						TestTargetID = 6BD406CD25A0AF440050CB5D;
					};
				};
			};
			buildConfigurationList = 6BD406C925A0AF440050CB5D /* Build configuration list for PBXProject "prime" */;
			compatibilityVersion = "Xcode 9.3";
			developmentRegion = en;
			hasScannedForEncodings = 0;
			knownRegions = (
				en,
				Base,
			);
			mainGroup = 6BD406C525A0AF440050CB5D;
			productRefGroup = 6BD406CF25A0AF440050CB5D /* Products */;
			projectDirPath = "";
			projectRoot = "";
			targets = (
				6BD406CD25A0AF440050CB5D /* prime */,
				6BD406DF25A0AF460050CB5D /* primeTests */,
				6BD406EA25A0AF460050CB5D /* primeUITests */,
			);
		};
/* End PBXProject section */

/* Begin PBXResourcesBuildPhase section */
		6BD406CC25A0AF440050CB5D /* Resources */ = {
			isa = PBXResourcesBuildPhase;
			buildActionMask = 2147483647;
			files = (
				6BD406D625A0AF450050CB5D /* Assets.xcassets in Resources */,
				6BD406D925A0AF450050CB5D /* Main.storyboard in Resources */,
			);
			runOnlyForDeploymentPostprocessing = 0;
		};
		6BD406DE25A0AF460050CB5D /* Resources */ = {
			isa = PBXResourcesBuildPhase;
			buildActionMask = 2147483647;
			files = (
			);
			runOnlyForDeploymentPostprocessing = 0;
		};
		6BD406E925A0AF460050CB5D /* Resources */ = {
			isa = PBXResourcesBuildPhase;
			buildActionMask = 2147483647;
			files = (
			);
			runOnlyForDeploymentPostprocessing = 0;
		};
/* End PBXResourcesBuildPhase section */

/* Begin PBXSourcesBuildPhase section */
		6BD406CA25A0AF440050CB5D /* Sources */ = {
			isa = PBXSourcesBuildPhase;
			buildActionMask = 2147483647;
			files = (
				6BD406D425A0AF440050CB5D /* ViewController.swift in Sources */,
				6BD406D225A0AF440050CB5D /* AppDelegate.swift in Sources */,
			);
			runOnlyForDeploymentPostprocessing = 0;
		};
		6BD406DC25A0AF460050CB5D /* Sources */ = {
			isa = PBXSourcesBuildPhase;
			buildActionMask = 2147483647;
			files = (
				6BD406E525A0AF460050CB5D /* primeTests.swift in Sources */,
			);
			runOnlyForDeploymentPostprocessing = 0;
		};
		6BD406E725A0AF460050CB5D /* Sources */ = {
			isa = PBXSourcesBuildPhase;
			buildActionMask = 2147483647;
			files = (
				6BD406F025A0AF460050CB5D /* primeUITests.swift in Sources */,
			);
			runOnlyForDeploymentPostprocessing = 0;
		};
/* End PBXSourcesBuildPhase section */

/* Begin PBXTargetDependency section */
		6BD406E225A0AF460050CB5D /* PBXTargetDependency */ = {
			isa = PBXTargetDependency;
			target = 6BD406CD25A0AF440050CB5D /* prime */;
			targetProxy = 6BD406E125A0AF460050CB5D /* PBXContainerItemProxy */;
		};
		6BD406ED25A0AF460050CB5D /* PBXTargetDependency */ = {
			isa = PBXTargetDependency;
			target = 6BD406CD25A0AF440050CB5D /* prime */;
			targetProxy = 6BD406EC25A0AF460050CB5D /* PBXContainerItemProxy */;
		};
/* End PBXTargetDependency section */

/* Begin PBXVariantGroup section */
		6BD406D725A0AF450050CB5D /* Main.storyboard */ = {
			isa = PBXVariantGroup;
			children = (
				6BD406D825A0AF450050CB5D /* Base */,
			);
			name = Main.storyboard;
			sourceTree = "<group>";
		};
/* End PBXVariantGroup section */

/* Begin XCBuildConfiguration section */
		6BD406F225A0AF460050CB5D /* Debug */ = {
			isa = XCBuildConfiguration;
			buildSettings = {
				ALWAYS_SEARCH_USER_PATHS = NO;
				CLANG_ANALYZER_NONNULL = YES;
				CLANG_ANALYZER_NUMBER_OBJECT_CONVERSION = YES_AGGRESSIVE;
				CLANG_CXX_LANGUAGE_STANDARD = "gnu++14";
				CLANG_CXX_LIBRARY = "libc++";
				CLANG_ENABLE_MODULES = YES;
				CLANG_ENABLE_OBJC_ARC = YES;
				CLANG_ENABLE_OBJC_WEAK = YES;
				CLANG_WARN_BLOCK_CAPTURE_AUTORELEASING = YES;
				CLANG_WARN_BOOL_CONVERSION = YES;
				CLANG_WARN_COMMA = YES;
				CLANG_WARN_CONSTANT_CONVERSION = YES;
				CLANG_WARN_DEPRECATED_OBJC_IMPLEMENTATIONS = YES;
				CLANG_WARN_DIRECT_OBJC_ISA_USAGE = YES_ERROR;
				CLANG_WARN_DOCUMENTATION_COMMENTS = YES;
				CLANG_WARN_EMPTY_BODY = YES;
				CLANG_WARN_ENUM_CONVERSION = YES;
				CLANG_WARN_INFINITE_RECURSION = YES;
				CLANG_WARN_INT_CONVERSION = YES;
				CLANG_WARN_NON_LITERAL_NULL_CONVERSION = YES;
				CLANG_WARN_OBJC_IMPLICIT_RETAIN_SELF = YES;
				CLANG_WARN_OBJC_LITERAL_CONVERSION = YES;
				CLANG_WARN_OBJC_ROOT_CLASS = YES_ERROR;
				CLANG_WARN_QUOTED_INCLUDE_IN_FRAMEWORK_HEADER = YES;
				CLANG_WARN_RANGE_LOOP_ANALYSIS = YES;
				CLANG_WARN_STRICT_PROTOTYPES = YES;
				CLANG_WARN_SUSPICIOUS_MOVE = YES;
				CLANG_WARN_UNGUARDED_AVAILABILITY = YES_AGGRESSIVE;
				CLANG_WARN_UNREACHABLE_CODE = YES;
				CLANG_WARN__DUPLICATE_METHOD_MATCH = YES;
				COPY_PHASE_STRIP = NO;
				DEBUG_INFORMATION_FORMAT = dwarf;
				ENABLE_STRICT_OBJC_MSGSEND = YES;
				ENABLE_TESTABILITY = YES;
				GCC_C_LANGUAGE_STANDARD = gnu11;
				GCC_DYNAMIC_NO_PIC = NO;
				GCC_NO_COMMON_BLOCKS = YES;
				GCC_OPTIMIZATION_LEVEL = 0;
				GCC_PREPROCESSOR_DEFINITIONS = (
					"DEBUG=1",
					"$(inherited)",
				);
				GCC_WARN_64_TO_32_BIT_CONVERSION = YES;
				GCC_WARN_ABOUT_RETURN_TYPE = YES_ERROR;
				GCC_WARN_UNDECLARED_SELECTOR = YES;
				GCC_WARN_UNINITIALIZED_AUTOS = YES_AGGRESSIVE;
				GCC_WARN_UNUSED_FUNCTION = YES;
				GCC_WARN_UNUSED_VARIABLE = YES;
				MACOSX_DEPLOYMENT_TARGET = 10.15;
				MTL_ENABLE_DEBUG_INFO = INCLUDE_SOURCE;
				MTL_FAST_MATH = YES;
				ONLY_ACTIVE_ARCH = YES;
				SDKROOT = macosx;
				SWIFT_ACTIVE_COMPILATION_CONDITIONS = DEBUG;
				SWIFT_OPTIMIZATION_LEVEL = "-Onone";
			};
			name = Debug;
		};
		6BD406F325A0AF460050CB5D /* Release */ = {
			isa = XCBuildConfiguration;
			buildSettings = {
				ALWAYS_SEARCH_USER_PATHS = NO;
				CLANG_ANALYZER_NONNULL = YES;
				CLANG_ANALYZER_NUMBER_OBJECT_CONVERSION = YES_AGGRESSIVE;
				CLANG_CXX_LANGUAGE_STANDARD = "gnu++14";
				CLANG_CXX_LIBRARY = "libc++";
				CLANG_ENABLE_MODULES = YES;
				CLANG_ENABLE_OBJC_ARC = YES;
				CLANG_ENABLE_OBJC_WEAK = YES;
				CLANG_WARN_BLOCK_CAPTURE_AUTORELEASING = YES;
				CLANG_WARN_BOOL_CONVERSION = YES;
				CLANG_WARN_COMMA = YES;
				CLANG_WARN_CONSTANT_CONVERSION = YES;
				CLANG_WARN_DEPRECATED_OBJC_IMPLEMENTATIONS = YES;
				CLANG_WARN_DIRECT_OBJC_ISA_USAGE = YES_ERROR;
				CLANG_WARN_DOCUMENTATION_COMMENTS = YES;
				CLANG_WARN_EMPTY_BODY = YES;
				CLANG_WARN_ENUM_CONVERSION = YES;
				CLANG_WARN_INFINITE_RECURSION = YES;
				CLANG_WARN_INT_CONVERSION = YES;
				CLANG_WARN_NON_LITERAL_NULL_CONVERSION = YES;
				CLANG_WARN_OBJC_IMPLICIT_RETAIN_SELF = YES;
				CLANG_WARN_OBJC_LITERAL_CONVERSION = YES;
				CLANG_WARN_OBJC_ROOT_CLASS = YES_ERROR;
				CLANG_WARN_QUOTED_INCLUDE_IN_FRAMEWORK_HEADER = YES;
				CLANG_WARN_RANGE_LOOP_ANALYSIS = YES;
				CLANG_WARN_STRICT_PROTOTYPES = YES;
				CLANG_WARN_SUSPICIOUS_MOVE = YES;
				CLANG_WARN_UNGUARDED_AVAILABILITY = YES_AGGRESSIVE;
				CLANG_WARN_UNREACHABLE_CODE = YES;
				CLANG_WARN__DUPLICATE_METHOD_MATCH = YES;
				COPY_PHASE_STRIP = NO;
				DEBUG_INFORMATION_FORMAT = "dwarf-with-dsym";
				ENABLE_NS_ASSERTIONS = NO;
				ENABLE_STRICT_OBJC_MSGSEND = YES;
				GCC_C_LANGUAGE_STANDARD = gnu11;
				GCC_NO_COMMON_BLOCKS = YES;
				GCC_WARN_64_TO_32_BIT_CONVERSION = YES;
				GCC_WARN_ABOUT_RETURN_TYPE = YES_ERROR;
				GCC_WARN_UNDECLARED_SELECTOR = YES;
				GCC_WARN_UNINITIALIZED_AUTOS = YES_AGGRESSIVE;
				GCC_WARN_UNUSED_FUNCTION = YES;
				GCC_WARN_UNUSED_VARIABLE = YES;
				MACOSX_DEPLOYMENT_TARGET = 10.15;
				MTL_ENABLE_DEBUG_INFO = NO;
				MTL_FAST_MATH = YES;
				SDKROOT = macosx;
				SWIFT_COMPILATION_MODE = wholemodule;
				SWIFT_OPTIMIZATION_LEVEL = "-O";
			};
			name = Release;
		};
		6BD406F525A0AF460050CB5D /* Debug */ = {
			isa = XCBuildConfiguration;
			buildSettings = {
				ASSETCATALOG_COMPILER_APPICON_NAME = AppIcon;
				ASSETCATALOG_COMPILER_GLOBAL_ACCENT_COLOR_NAME = AccentColor;
				CODE_SIGN_ENTITLEMENTS = prime/prime.entitlements;
				CODE_SIGN_STYLE = Automatic;
				COMBINE_HIDPI_IMAGES = YES;
				INFOPLIST_FILE = prime/Info.plist;
				LD_RUNPATH_SEARCH_PATHS = (
					"$(inherited)",
					"@executable_path/../Frameworks",
				);
				PRODUCT_BUNDLE_IDENTIFIER = Maxim.Meyer.prime;
				PRODUCT_NAME = "$(TARGET_NAME)";
				SWIFT_VERSION = 5.0;
			};
			name = Debug;
		};
		6BD406F625A0AF460050CB5D /* Release */ = {
			isa = XCBuildConfiguration;
			buildSettings = {
				ASSETCATALOG_COMPILER_APPICON_NAME = AppIcon;
				ASSETCATALOG_COMPILER_GLOBAL_ACCENT_COLOR_NAME = AccentColor;
				CODE_SIGN_ENTITLEMENTS = prime/prime.entitlements;
				CODE_SIGN_STYLE = Automatic;
				COMBINE_HIDPI_IMAGES = YES;
				INFOPLIST_FILE = prime/Info.plist;
				LD_RUNPATH_SEARCH_PATHS = (
					"$(inherited)",
					"@executable_path/../Frameworks",
				);
				PRODUCT_BUNDLE_IDENTIFIER = Maxim.Meyer.prime;
				PRODUCT_NAME = "$(TARGET_NAME)";
				SWIFT_VERSION = 5.0;
			};
			name = Release;
		};
		6BD406F825A0AF460050CB5D /* Debug */ = {
			isa = XCBuildConfiguration;
			buildSettings = {
				ALWAYS_EMBED_SWIFT_STANDARD_LIBRARIES = YES;
				BUNDLE_LOADER = "$(TEST_HOST)";
				CODE_SIGN_STYLE = Automatic;
				COMBINE_HIDPI_IMAGES = YES;
				INFOPLIST_FILE = primeTests/Info.plist;
				LD_RUNPATH_SEARCH_PATHS = (
					"$(inherited)",
					"@executable_path/../Frameworks",
					"@loader_path/../Frameworks",
				);
				MACOSX_DEPLOYMENT_TARGET = 10.15;
				PRODUCT_BUNDLE_IDENTIFIER = Maxim.Meyer.primeTests;
				PRODUCT_NAME = "$(TARGET_NAME)";
				SWIFT_VERSION = 5.0;
				TEST_HOST = "$(BUILT_PRODUCTS_DIR)/prime.app/Contents/MacOS/prime";
			};
			name = Debug;
		};
		6BD406F925A0AF460050CB5D /* Release */ = {
			isa = XCBuildConfiguration;
			buildSettings = {
				ALWAYS_EMBED_SWIFT_STANDARD_LIBRARIES = YES;
				BUNDLE_LOADER = "$(TEST_HOST)";
				CODE_SIGN_STYLE = Automatic;
				COMBINE_HIDPI_IMAGES = YES;
				INFOPLIST_FILE = primeTests/Info.plist;
				LD_RUNPATH_SEARCH_PATHS = (
					"$(inherited)",
					"@executable_path/../Frameworks",
					"@loader_path/../Frameworks",
				);
				MACOSX_DEPLOYMENT_TARGET = 10.15;
				PRODUCT_BUNDLE_IDENTIFIER = Maxim.Meyer.primeTests;
				PRODUCT_NAME = "$(TARGET_NAME)";
				SWIFT_VERSION = 5.0;
				TEST_HOST = "$(BUILT_PRODUCTS_DIR)/prime.app/Contents/MacOS/prime";
			};
			name = Release;
		};
		6BD406FB25A0AF460050CB5D /* Debug */ = {
			isa = XCBuildConfiguration;
			buildSettings = {
				ALWAYS_EMBED_SWIFT_STANDARD_LIBRARIES = YES;
				CODE_SIGN_STYLE = Automatic;
				COMBINE_HIDPI_IMAGES = YES;
				INFOPLIST_FILE = primeUITests/Info.plist;
				LD_RUNPATH_SEARCH_PATHS = (
					"$(inherited)",
					"@executable_path/../Frameworks",
					"@loader_path/../Frameworks",
				);
				PRODUCT_BUNDLE_IDENTIFIER = Maxim.Meyer.primeUITests;
				PRODUCT_NAME = "$(TARGET_NAME)";
				SWIFT_VERSION = 5.0;
				TEST_TARGET_NAME = prime;
			};
			name = Debug;
		};
		6BD406FC25A0AF460050CB5D /* Release */ = {
			isa = XCBuildConfiguration;
			buildSettings = {
				ALWAYS_EMBED_SWIFT_STANDARD_LIBRARIES = YES;
				CODE_SIGN_STYLE = Automatic;
				COMBINE_HIDPI_IMAGES = YES;
				INFOPLIST_FILE = primeUITests/Info.plist;
				LD_RUNPATH_SEARCH_PATHS = (
					"$(inherited)",
					"@executable_path/../Frameworks",
					"@loader_path/../Frameworks",
				);
				PRODUCT_BUNDLE_IDENTIFIER = Maxim.Meyer.primeUITests;
				PRODUCT_NAME = "$(TARGET_NAME)";
				SWIFT_VERSION = 5.0;
				TEST_TARGET_NAME = prime;
			};
			name = Release;
		};
/* End XCBuildConfiguration section */

/* Begin XCConfigurationList section */
		6BD406C925A0AF440050CB5D /* Build configuration list for PBXProject "prime" */ = {
			isa = XCConfigurationList;
			buildConfigurations = (
				6BD406F225A0AF460050CB5D /* Debug */,
				6BD406F325A0AF460050CB5D /* Release */,
			);
			defaultConfigurationIsVisible = 0;
			defaultConfigurationName = Release;
		};
		6BD406F425A0AF460050CB5D /* Build configuration list for PBXNativeTarget "prime" */ = {
			isa = XCConfigurationList;
			buildConfigurations = (
				6BD406F525A0AF460050CB5D /* Debug */,
				6BD406F625A0AF460050CB5D /* Release */,
			);
			defaultConfigurationIsVisible = 0;
			defaultConfigurationName = Release;
		};
		6BD406F725A0AF460050CB5D /* Build configuration list for PBXNativeTarget "primeTests" */ = {
			isa = XCConfigurationList;
			buildConfigurations = (
				6BD406F825A0AF460050CB5D /* Debug */,
				6BD406F925A0AF460050CB5D /* Release */,
			);
			defaultConfigurationIsVisible = 0;
			defaultConfigurationName = Release;
		};
		6BD406FA25A0AF460050CB5D /* Build configuration list for PBXNativeTarget "primeUITests" */ = {
			isa = XCConfigurationList;
			buildConfigurations = (
				6BD406FB25A0AF460050CB5D /* Debug */,
				6BD406FC25A0AF460050CB5D /* Release */,
			);
			defaultConfigurationIsVisible = 0;
			defaultConfigurationName = Release;
		};
/* End XCConfigurationList section */
	};
	rootObject = 6BD406C625A0AF440050CB5D /* Project object */;
}
